<?xml version="1.0" encoding="utf-8"?>
<Project ToolsVersion="4.0" xmlns="http://schemas.microsoft.com/developer/msbuild/2003">
  <ItemGroup>
    <Filter Include="Resource Files">
      <UniqueIdentifier>{67DA6AB6-F800-4c08-8B7A-83BB121AAD01}</UniqueIdentifier>
      <Extensions>rc;ico;cur;bmp;dlg;rc2;rct;bin;rgs;gif;jpg;jpeg;jpe;resx;tiff;tif;png;wav;mfcribbon-ms</Extensions>
    </Filter>
    <Filter Include="Source Files">
      <UniqueIdentifier>{4FC737F1-C7A5-4376-A066-2A32D752A2FF}</UniqueIdentifier>
      <Extensions>cpp;c;cc;cxx;c++;cppm;ixx;def;odl;idl;hpj;bat;asm;asmx</Extensions>
    </Filter>
    <Filter Include="Source Files\Precompiled">
      <UniqueIdentifier>{a704c924-11c1-46f2-83e6-6faadc5321c2}</UniqueIdentifier>
    </Filter>
    <Filter Include="Source Files\Core">
      <UniqueIdentifier>{9c9c780e-4355-43fe-b2dd-b9105e81d60e}</UniqueIdentifier>
    </Filter>
    <Filter Include="Source Files\Core\Device">
      <UniqueIdentifier>{4056bd43-d005-480e-9d8c-4a887e5bbb4b}</UniqueIdentifier>
    </Filter>
    <Filter Include="Source Files\Core\Font">
      <UniqueIdentifier>{7819a383-ad0d-4fa4-b9ef-16e7e8197ab2}</UniqueIdentifier>
    </Filter>
    <Filter Include="Source Files\Core\Input">
      <UniqueIdentifier>{587e86c5-51cb-421c-84b5-9088d48587ef}</UniqueIdentifier>
    </Filter>
    <Filter Include="Source Files\Core\Timer">
      <UniqueIdentifier>{b186d36a-062d-4e52-9440-8eba4fe61a57}</UniqueIdentifier>
    </Filter>
    <Filter Include="Source Files\Core\Window">
      <UniqueIdentifier>{272d3ac7-92f3-40e7-85d6-8c45ab589630}</UniqueIdentifier>
    </Filter>
    <Filter Include="Source Files\Core\Object">
      <UniqueIdentifier>{9842626c-b095-4ffb-9746-d5c9a0dae55f}</UniqueIdentifier>
    </Filter>
    <Filter Include="Source Files\Core\Object\Shader">
      <UniqueIdentifier>{c6e8abb3-3a1b-4569-b94f-4d4a6ec6d2c4}</UniqueIdentifier>
    </Filter>
    <Filter Include="Source Files\Core\Object\Texture">
      <UniqueIdentifier>{c73be6af-b366-47e6-b14a-6b09a1ede615}</UniqueIdentifier>
    </Filter>
    <Filter Include="Source Files\Core\Object\Collision">
      <UniqueIdentifier>{6b88e66d-dca2-49f3-8411-eedac9a37732}</UniqueIdentifier>
    </Filter>
    <Filter Include="Source Files\Core\Object\Sprite">
      <UniqueIdentifier>{cf31510f-d1f1-4185-a142-5bbb3c44fd58}</UniqueIdentifier>
    </Filter>
    <Filter Include="Source Files\Core\DxState">
      <UniqueIdentifier>{09f79972-6ff2-412c-a018-d28b1f32ef13}</UniqueIdentifier>
    </Filter>
    <Filter Include="Source Files\Core\Sound">
      <UniqueIdentifier>{c6ccdd55-c818-46a5-92c5-7494b6a7e2c6}</UniqueIdentifier>
    </Filter>
  </ItemGroup>
  <ItemGroup>
    <ClInclude Include="Core.h">
      <Filter>Source Files\Core</Filter>
    </ClInclude>
    <ClInclude Include="EnginePCH.h">
      <Filter>Source Files\Precompiled</Filter>
    </ClInclude>
    <ClInclude Include="Device.h">
      <Filter>Source Files\Core\Device</Filter>
    </ClInclude>
    <ClInclude Include="Timer.h">
      <Filter>Source Files\Core\Timer</Filter>
    </ClInclude>
    <ClInclude Include="Font.h">
      <Filter>Source Files\Core\Font</Filter>
    </ClInclude>
    <ClInclude Include="Input.h">
      <Filter>Source Files\Core\Input</Filter>
    </ClInclude>
    <ClInclude Include="Shader.h">
      <Filter>Source Files\Core\Object\Shader</Filter>
    </ClInclude>
    <ClInclude Include="ShaderManager.h">
      <Filter>Source Files\Core\Object\Shader</Filter>
    </ClInclude>
    <ClInclude Include="Texture.h">
      <Filter>Source Files\Core\Object\Texture</Filter>
    </ClInclude>
    <ClInclude Include="TextureManager.h">
      <Filter>Source Files\Core\Object\Texture</Filter>
    </ClInclude>
    <ClInclude Include="Window.h">
      <Filter>Source Files\Core\Window</Filter>
    </ClInclude>
    <ClInclude Include="DxState.h">
      <Filter>Source Files\Core\DxState</Filter>
    </ClInclude>
    <ClInclude Include="pch.h">
      <Filter>Source Files\Precompiled</Filter>
    </ClInclude>
    <ClInclude Include="Collision.h">
      <Filter>Source Files\Core\Object\Collision</Filter>
    </ClInclude>
    <ClInclude Include="Object2D.h">
      <Filter>Source Files\Core\Object</Filter>
    </ClInclude>
    <ClInclude Include="Object.h">
      <Filter>Source Files\Core\Object</Filter>
    </ClInclude>
    <ClInclude Include="Sound.h">
      <Filter>Source Files\Core\Sound</Filter>
    </ClInclude>
    <ClInclude Include="SoundManager.h">
      <Filter>Source Files\Core\Sound</Filter>
    </ClInclude>
    <ClInclude Include="Sprite.h">
      <Filter>Source Files\Core\Object\Sprite</Filter>
    </ClInclude>
    <ClInclude Include="SpriteManager.h">
      <Filter>Source Files\Core\Object\Sprite</Filter>
    </ClInclude>
    <ClInclude Include="Resource.h">
      <Filter>Source Files\Precompiled</Filter>
    </ClInclude>
  </ItemGroup>
  <ItemGroup>
    <ClCompile Include="pch.cpp">
      <Filter>Source Files\Precompiled</Filter>
    </ClCompile>
    <ClCompile Include="EnginePCH.cpp">
      <Filter>Source Files\Precompiled</Filter>
    </ClCompile>
    <ClCompile Include="Device.cpp">
      <Filter>Source Files\Core\Device</Filter>
    </ClCompile>
    <ClCompile Include="Timer.cpp">
      <Filter>Source Files\Core\Timer</Filter>
    </ClCompile>
    <ClCompile Include="Font.cpp">
      <Filter>Source Files\Core\Font</Filter>
    </ClCompile>
    <ClCompile Include="Core.cpp">
      <Filter>Source Files\Core</Filter>
    </ClCompile>
    <ClCompile Include="Input.cpp">
      <Filter>Source Files\Core\Input</Filter>
    </ClCompile>
    <ClCompile Include="Shader.cpp">
      <Filter>Source Files\Core\Object\Shader</Filter>
    </ClCompile>
    <ClCompile Include="ShaderManager.cpp">
      <Filter>Source Files\Core\Object\Shader</Filter>
    </ClCompile>
    <ClCompile Include="Texture.cpp">
      <Filter>Source Files\Core\Object\Texture</Filter>
    </ClCompile>
    <ClCompile Include="TextureManager.cpp">
      <Filter>Source Files\Core\Object\Texture</Filter>
    </ClCompile>
    <ClCompile Include="Window.cpp">
      <Filter>Source Files\Core\Window</Filter>
    </ClCompile>
    <ClCompile Include="DxState.cpp">
      <Filter>Source Files\Core\DxState</Filter>
    </ClCompile>
    <ClCompile Include="Collision.cpp">
      <Filter>Source Files\Core\Object\Collision</Filter>
    </ClCompile>
    <ClCompile Include="Object2D.cpp">
      <Filter>Source Files\Core\Object</Filter>
    </ClCompile>
    <ClCompile Include="Object.cpp">
      <Filter>Source Files\Core\Object</Filter>
    </ClCompile>
    <ClCompile Include="Sound.cpp">
      <Filter>Source Files\Core\Sound</Filter>
    </ClCompile>
    <ClCompile Include="SoundManager.cpp">
      <Filter>Source Files\Core\Sound</Filter>
    </ClCompile>
    <ClCompile Include="Sprite.cpp">
      <Filter>Source Files\Core\Object\Sprite</Filter>
    </ClCompile>
    <ClCompile Include="SpriteManager.cpp">
      <Filter>Source Files\Core\Object\Sprite</Filter>
    </ClCompile>
  </ItemGroup>
  <ItemGroup>
    <ResourceCompile Include="Engine.rc">
      <Filter>Resource Files</Filter>
    </ResourceCompile>
  </ItemGroup>
  <ItemGroup>
    <Image Include="..\..\Resource\Pikachu\Icon\Icon1.ico">
      <Filter>Resource Files</Filter>
    </Image>
    <Image Include="..\..\Resource\Pikachu\Icon\Icon2.ico">
      <Filter>Resource Files</Filter>
    </Image>
    <Image Include="..\..\Resource\Pikachu\Icon\Pikachu.ico">
      <Filter>Resource Files</Filter>
    </Image>
  </ItemGroup>
</Project>